{
  "nodes": {
    "declarative-cachix": {
      "locked": {
        "lastModified": 1644208524,
        "narHash": "sha256-BW43hqKBxNNMrgUnn6D53useE8f4/yz66bvCzwUbueQ=",
        "owner": "jonascarpay",
        "repo": "declarative-cachix",
        "rev": "b63e9cb0d0962656d08fb4668a5b6b1ba1ca5648",
        "type": "github"
      },
      "original": {
        "owner": "jonascarpay",
        "repo": "declarative-cachix",
        "type": "github"
      }
    },
    "emacs-overlay": {
      "locked": {
        "lastModified": 1651724664,
        "narHash": "sha256-/Z0AkB2DAxMdOaFYBSkTPjHrMH2e3kReuLEtpLQZfk4=",
        "owner": "nix-community",
        "repo": "emacs-overlay",
        "rev": "1deb4d66be3117dd0d9dbf31fd458035e0f3c4de",
        "type": "github"
      },
      "original": {
        "owner": "nix-community",
        "repo": "emacs-overlay",
        "type": "github"
      }
    },
    "home-manager": {
      "inputs": {
        "nixpkgs": [
          "nixpkgs"
        ]
      },
      "locked": {
        "lastModified": 1651652192,
        "narHash": "sha256-3FUsIJ81p57rOxODRVZ+anhnVav96VWbgNA1H3Np+TY=",
        "owner": "nix-community",
        "repo": "home-manager",
        "rev": "267462dfb36d447421c789a3adf9d460cd09c147",
        "type": "github"
      },
      "original": {
        "owner": "nix-community",
        "repo": "home-manager",
        "type": "github"
      }
    },
    "nixpkgs": {
      "locked": {
        "lastModified": 1651558728,
        "narHash": "sha256-8HzyRnWlgZluUrVFNOfZAOlA1fghpOSezXvxhalGMUo=",
        "owner": "NixOS",
        "repo": "nixpkgs",
        "rev": "cbe587c735b734405f56803e267820ee1559e6c1",
        "type": "github"
      },
      "original": {
        "id": "nixpkgs",
        "ref": "nixos-unstable",
        "type": "indirect"
      }
    },
    "root": {
      "inputs": {
        "declarative-cachix": "declarative-cachix",
        "emacs-overlay": "emacs-overlay",
        "home-manager": "home-manager",
        "nixpkgs": "nixpkgs"
      }
    }
  },
  "root": "root",
  "version": 7
}
