{
  "nodes": {
    "declarative-cachix": {
      "locked": {
        "lastModified": 1644208524,
        "narHash": "sha256-BW43hqKBxNNMrgUnn6D53useE8f4/yz66bvCzwUbueQ=",
        "owner": "jonascarpay",
        "repo": "declarative-cachix",
        "rev": "b63e9cb0d0962656d08fb4668a5b6b1ba1ca5648",
        "type": "github"
      },
      "original": {
        "owner": "jonascarpay",
        "repo": "declarative-cachix",
        "type": "github"
      }
    },
    "emacs-overlay": {
      "locked": {
        "lastModified": 1651320164,
        "narHash": "sha256-I8HdecXidIOQCsJRTOgMui2gIx34VTD4M/sXnQgKhcE=",
        "owner": "nix-community",
        "repo": "emacs-overlay",
        "rev": "8ac1c89acb7fd39c8094d0cb81cb3323bc3eb3dc",
        "type": "github"
      },
      "original": {
        "owner": "nix-community",
        "repo": "emacs-overlay",
        "type": "github"
      }
    },
    "home-manager": {
      "inputs": {
        "nixpkgs": [
          "nixpkgs"
        ]
      },
      "locked": {
        "lastModified": 1651262513,
        "narHash": "sha256-5iW1fevaAD0Rbtbgb4I++7fyaND3oarGs3mAjyadE0Y=",
        "owner": "nix-community",
        "repo": "home-manager",
        "rev": "f8b51be7149a0735e87b232d21ae4f852619eac7",
        "type": "github"
      },
      "original": {
        "owner": "nix-community",
        "repo": "home-manager",
        "type": "github"
      }
    },
    "nixpkgs": {
      "locked": {
        "lastModified": 1651007983,
        "narHash": "sha256-GNay7yDPtLcRcKCNHldug85AhAvBpTtPEJWSSDYBw8U=",
        "owner": "NixOS",
        "repo": "nixpkgs",
        "rev": "e10da1c7f542515b609f8dfbcf788f3d85b14936",
        "type": "github"
      },
      "original": {
        "id": "nixpkgs",
        "ref": "nixos-unstable",
        "type": "indirect"
      }
    },
    "root": {
      "inputs": {
        "declarative-cachix": "declarative-cachix",
        "emacs-overlay": "emacs-overlay",
        "home-manager": "home-manager",
        "nixpkgs": "nixpkgs"
      }
    }
  },
  "root": "root",
  "version": 7
}
